
Microsoft Visual Studio Solution File, Format Version 12.00
# Visual Studio Version 17
VisualStudioVersion = 17.5.33530.505
MinimumVisualStudioVersion = 10.0.40219.1
Project("{FAE04EC0-301F-11D3-BF4B-00C04F79EFBC}") = "CompensationCalc", "CompensationCalc\CompensationCalc.csproj", "{3D1564FD-FB41-43C9-B1B8-9EAD40F22F62}"
EndProject
Global
	GlobalSection(SolutionConfigurationPlatforms) = preSolution
		Debug|Any CPU = Debug|Any CPU
		Release|Any CPU = Release|Any CPU
	EndGlobalSection
	GlobalSection(ProjectConfigurationPlatforms) = postSolution
		{3D1564FD-FB41-43C9-B1B8-9EAD40F22F62}.Debug|Any CPU.ActiveCfg = Debug|Any CPU
		{3D1564FD-FB41-43C9-B1B8-9EAD40F22F62}.Debug|Any CPU.Build.0 = Debug|Any CPU
		{3D1564FD-FB41-43C9-B1B8-9EAD40F22F62}.Release|Any CPU.ActiveCfg = Release|Any CPU
		{3D1564FD-FB41-43C9-B1B8-9EAD40F22F62}.Release|Any CPU.Build.0 = Release|Any CPU
	EndGlobalSection
	GlobalSection(SolutionProperties) = preSolution
		HideSolutionNode = FALSE
	EndGlobalSection
	GlobalSection(ExtensibilityGlobals) = postSolution
		SolutionGuid = {8BA4FBF6-1616-46A6-AFB6-7541ED914760}
	EndGlobalSection
EndGlobal
